
Microsoft Visual Studio Solution File, Format Version 12.00
# Visual Studio Version 16
VisualStudioVersion = 16.0.30413.136
MinimumVisualStudioVersion = 10.0.40219.1
Project("{FAE04EC0-301F-11D3-BF4B-00C04F79EFBC}") = "Duong_TechProj3B", "Duong_TechProj3B.csproj", "{9009605B-333A-401F-AD7D-CA15C8F015E5}"
EndProject
Global
	GlobalSection(SolutionConfigurationPlatforms) = preSolution
		Debug|Any CPU = Debug|Any CPU
		Release|Any CPU = Release|Any CPU
	EndGlobalSection
	GlobalSection(ProjectConfigurationPlatforms) = postSolution
		{9009605B-333A-401F-AD7D-CA15C8F015E5}.Debug|Any CPU.ActiveCfg = Debug|Any CPU
		{9009605B-333A-401F-AD7D-CA15C8F015E5}.Debug|Any CPU.Build.0 = Debug|Any CPU
		{9009605B-333A-401F-AD7D-CA15C8F015E5}.Release|Any CPU.ActiveCfg = Release|Any CPU
		{9009605B-333A-401F-AD7D-CA15C8F015E5}.Release|Any CPU.Build.0 = Release|Any CPU
	EndGlobalSection
	GlobalSection(SolutionProperties) = preSolution
		HideSolutionNode = FALSE
	EndGlobalSection
	GlobalSection(ExtensibilityGlobals) = postSolution
		SolutionGuid = {0FF95BEE-C1B6-40CE-A868-F24F7A173994}
	EndGlobalSection
EndGlobal
